// !$*UTF8*$!
{
	archiveVersion = 1;
	classes = {
	};
	objectVersion = 46;
	objects = {

/* Begin PBXBuildFile section */
		B0DDF52E1F3753600032FA61 /* AppDelegate.swift in Sources */ = {isa = PBXBuildFile; fileRef = B0DDF52D1F3753600032FA61 /* AppDelegate.swift */; };
		B0DDF5301F3753600032FA61 /* ViewController.swift in Sources */ = {isa = PBXBuildFile; fileRef = B0DDF52F1F3753600032FA61 /* ViewController.swift */; };
		B0DDF5331F3753600032FA61 /* Main.storyboard in Resources */ = {isa = PBXBuildFile; fileRef = B0DDF5311F3753600032FA61 /* Main.storyboard */; };
		B0DDF5351F3753600032FA61 /* Assets.xcassets in Resources */ = {isa = PBXBuildFile; fileRef = B0DDF5341F3753600032FA61 /* Assets.xcassets */; };
		B0DDF5381F3753600032FA61 /* LaunchScreen.storyboard in Resources */ = {isa = PBXBuildFile; fileRef = B0DDF5361F3753600032FA61 /* LaunchScreen.storyboard */; };
		B0DDF54E1F3754410032FA61 /* CaculatorTests.swift in Sources */ = {isa = PBXBuildFile; fileRef = B0DDF54D1F3754410032FA61 /* CaculatorTests.swift */; };
		B0DDF5501F3754990032FA61 /* Calculator.swift in Sources */ = {isa = PBXBuildFile; fileRef = B0DDF54F1F3754990032FA61 /* Calculator.swift */; };
/* End PBXBuildFile section */

/* Begin PBXContainerItemProxy section */
		B0DDF5481F3754220032FA61 /* PBXContainerItemProxy */ = {
			isa = PBXContainerItemProxy;
			containerPortal = B0DDF5221F3753600032FA61 /* Project object */;
			proxyType = 1;
			remoteGlobalIDString = B0DDF5291F3753600032FA61;
			remoteInfo = UnitTestDemo;
		};
/* End PBXContainerItemProxy section */

/* Begin PBXFileReference section */
		B0DDF52A1F3753600032FA61 /* UnitTestDemo.app */ = {isa = PBXFileReference; explicitFileType = wrapper.application; includeInIndex = 0; path = UnitTestDemo.app; sourceTree = BUILT_PRODUCTS_DIR; };
		B0DDF52D1F3753600032FA61 /* AppDelegate.swift */ = {isa = PBXFileReference; lastKnownFileType = sourcecode.swift; path = AppDelegate.swift; sourceTree = "<group>"; };
		B0DDF52F1F3753600032FA61 /* ViewController.swift */ = {isa = PBXFileReference; lastKnownFileType = sourcecode.swift; path = ViewController.swift; sourceTree = "<group>"; };
		B0DDF5321F3753600032FA61 /* Base */ = {isa = PBXFileReference; lastKnownFileType = file.storyboard; name = Base; path = Base.lproj/Main.storyboard; sourceTree = "<group>"; };
		B0DDF5341F3753600032FA61 /* Assets.xcassets */ = {isa = PBXFileReference; lastKnownFileType = folder.assetcatalog; path = Assets.xcassets; sourceTree = "<group>"; };
		B0DDF5371F3753600032FA61 /* Base */ = {isa = PBXFileReference; lastKnownFileType = file.storyboard; name = Base; path = Base.lproj/LaunchScreen.storyboard; sourceTree = "<group>"; };
		B0DDF5391F3753600032FA61 /* Info.plist */ = {isa = PBXFileReference; lastKnownFileType = text.plist.xml; path = Info.plist; sourceTree = "<group>"; };
		B0DDF5431F3754220032FA61 /* UnitTestDemoTests.xctest */ = {isa = PBXFileReference; explicitFileType = wrapper.cfbundle; includeInIndex = 0; path = UnitTestDemoTests.xctest; sourceTree = BUILT_PRODUCTS_DIR; };
		B0DDF5471F3754220032FA61 /* Info.plist */ = {isa = PBXFileReference; lastKnownFileType = text.plist.xml; path = Info.plist; sourceTree = "<group>"; };
		B0DDF54D1F3754410032FA61 /* CaculatorTests.swift */ = {isa = PBXFileReference; fileEncoding = 4; lastKnownFileType = sourcecode.swift; path = CaculatorTests.swift; sourceTree = "<group>"; };
		B0DDF54F1F3754990032FA61 /* Calculator.swift */ = {isa = PBXFileReference; fileEncoding = 4; lastKnownFileType = sourcecode.swift; path = Calculator.swift; sourceTree = "<group>"; };
/* End PBXFileReference section */

/* Begin PBXFrameworksBuildPhase section */
		B0DDF5271F3753600032FA61 /* Frameworks */ = {
			isa = PBXFrameworksBuildPhase;
			buildActionMask = 2147483647;
			files = (
			);
			runOnlyForDeploymentPostprocessing = 0;
		};
		B0DDF5401F3754220032FA61 /* Frameworks */ = {
			isa = PBXFrameworksBuildPhase;
			buildActionMask = 2147483647;
			files = (
			);
			runOnlyForDeploymentPostprocessing = 0;
		};
/* End PBXFrameworksBuildPhase section */

/* Begin PBXGroup section */
		B0DDF5211F3753600032FA61 = {
			isa = PBXGroup;
			children = (
				B0DDF52C1F3753600032FA61 /* UnitTestDemo */,
				B0DDF5441F3754220032FA61 /* UnitTestDemoTests */,
				B0DDF52B1F3753600032FA61 /* Products */,
			);
			sourceTree = "<group>";
		};
		B0DDF52B1F3753600032FA61 /* Products */ = {
			isa = PBXGroup;
			children = (
				B0DDF52A1F3753600032FA61 /* UnitTestDemo.app */,
				B0DDF5431F3754220032FA61 /* UnitTestDemoTests.xctest */,
			);
			name = Products;
			sourceTree = "<group>";
		};
		B0DDF52C1F3753600032FA61 /* UnitTestDemo */ = {
			isa = PBXGroup;
			children = (
				B0DDF52D1F3753600032FA61 /* AppDelegate.swift */,
				B0DDF54F1F3754990032FA61 /* Calculator.swift */,
				B0DDF52F1F3753600032FA61 /* ViewController.swift */,
				B0DDF5311F3753600032FA61 /* Main.storyboard */,
				B0DDF5341F3753600032FA61 /* Assets.xcassets */,
				B0DDF5361F3753600032FA61 /* LaunchScreen.storyboard */,
				B0DDF5391F3753600032FA61 /* Info.plist */,
			);
			path = UnitTestDemo;
			sourceTree = "<group>";
		};
		B0DDF5441F3754220032FA61 /* UnitTestDemoTests */ = {
			isa = PBXGroup;
			children = (
				B0DDF54D1F3754410032FA61 /* CaculatorTests.swift */,
				B0DDF5471F3754220032FA61 /* Info.plist */,
			);
			path = UnitTestDemoTests;
			sourceTree = "<group>";
		};
/* End PBXGroup section */

/* Begin PBXNativeTarget section */
		B0DDF5291F3753600032FA61 /* UnitTestDemo */ = {
			isa = PBXNativeTarget;
			buildConfigurationList = B0DDF53C1F3753600032FA61 /* Build configuration list for PBXNativeTarget "UnitTestDemo" */;
			buildPhases = (
				B0DDF5261F3753600032FA61 /* Sources */,
				B0DDF5271F3753600032FA61 /* Frameworks */,
				B0DDF5281F3753600032FA61 /* Resources */,
			);
			buildRules = (
			);
			dependencies = (
			);
			name = UnitTestDemo;
			productName = UnitTestDemo;
			productReference = B0DDF52A1F3753600032FA61 /* UnitTestDemo.app */;
			productType = "com.apple.product-type.application";
		};
		B0DDF5421F3754220032FA61 /* UnitTestDemoTests */ = {
			isa = PBXNativeTarget;
			buildConfigurationList = B0DDF54A1F3754220032FA61 /* Build configuration list for PBXNativeTarget "UnitTestDemoTests" */;
			buildPhases = (
				B0DDF53F1F3754220032FA61 /* Sources */,
				B0DDF5401F3754220032FA61 /* Frameworks */,
				B0DDF5411F3754220032FA61 /* Resources */,
			);
			buildRules = (
			);
			dependencies = (
				B0DDF5491F3754220032FA61 /* PBXTargetDependency */,
			);
			name = UnitTestDemoTests;
			productName = UnitTestDemoTests;
			productReference = B0DDF5431F3754220032FA61 /* UnitTestDemoTests.xctest */;
			productType = "com.apple.product-type.bundle.unit-test";
		};
/* End PBXNativeTarget section */

/* Begin PBXProject section */
		B0DDF5221F3753600032FA61 /* Project object */ = {
			isa = PBXProject;
			attributes = {
				LastSwiftUpdateCheck = 0830;
				LastUpgradeCheck = 0830;
				ORGANIZATIONNAME = TinyWorld;
				TargetAttributes = {
					B0DDF5291F3753600032FA61 = {
						CreatedOnToolsVersion = 8.3.3;
						DevelopmentTeam = 5CE6946X84;
						ProvisioningStyle = Automatic;
					};
					B0DDF5421F3754220032FA61 = {
						CreatedOnToolsVersion = 8.3.3;
						DevelopmentTeam = 5CE6946X84;
						LastSwiftMigration = 0830;
						ProvisioningStyle = Automatic;
						TestTargetID = B0DDF5291F3753600032FA61;
					};
				};
			};
			buildConfigurationList = B0DDF5251F3753600032FA61 /* Build configuration list for PBXProject "UnitTestDemo" */;
			compatibilityVersion = "Xcode 3.2";
			developmentRegion = English;
			hasScannedForEncodings = 0;
			knownRegions = (
				en,
				Base,
			);
			mainGroup = B0DDF5211F3753600032FA61;
			productRefGroup = B0DDF52B1F3753600032FA61 /* Products */;
			projectDirPath = "";
			projectRoot = "";
			targets = (
				B0DDF5291F3753600032FA61 /* UnitTestDemo */,
				B0DDF5421F3754220032FA61 /* UnitTestDemoTests */,
			);
		};
/* End PBXProject section */

/* Begin PBXResourcesBuildPhase section */
		B0DDF5281F3753600032FA61 /* Resources */ = {
			isa = PBXResourcesBuildPhase;
			buildActionMask = 2147483647;
			files = (
				B0DDF5381F3753600032FA61 /* LaunchScreen.storyboard in Resources */,
				B0DDF5351F3753600032FA61 /* Assets.xcassets in Resources */,
				B0DDF5331F3753600032FA61 /* Main.storyboard in Resources */,
			);
			runOnlyForDeploymentPostprocessing = 0;
		};
		B0DDF5411F3754220032FA61 /* Resources */ = {
			isa = PBXResourcesBuildPhase;
			buildActionMask = 2147483647;
			files = (
			);
			runOnlyForDeploymentPostprocessing = 0;
		};
/* End PBXResourcesBuildPhase section */

/* Begin PBXSourcesBuildPhase section */
		B0DDF5261F3753600032FA61 /* Sources */ = {
			isa = PBXSourcesBuildPhase;
			buildActionMask = 2147483647;
			files = (
				B0DDF5301F3753600032FA61 /* ViewController.swift in Sources */,
				B0DDF52E1F3753600032FA61 /* AppDelegate.swift in Sources */,
				B0DDF5501F3754990032FA61 /* Calculator.swift in Sources */,
			);
			runOnlyForDeploymentPostprocessing = 0;
		};
		B0DDF53F1F3754220032FA61 /* Sources */ = {
			isa = PBXSourcesBuildPhase;
			buildActionMask = 2147483647;
			files = (
				B0DDF54E1F3754410032FA61 /* CaculatorTests.swift in Sources */,
			);
			runOnlyForDeploymentPostprocessing = 0;
		};
/* End PBXSourcesBuildPhase section */

/* Begin PBXTargetDependency section */
		B0DDF5491F3754220032FA61 /* PBXTargetDependency */ = {
			isa = PBXTargetDependency;
			target = B0DDF5291F3753600032FA61 /* UnitTestDemo */;
			targetProxy = B0DDF5481F3754220032FA61 /* PBXContainerItemProxy */;
		};
/* End PBXTargetDependency section */

/* Begin PBXVariantGroup section */
		B0DDF5311F3753600032FA61 /* Main.storyboard */ = {
			isa = PBXVariantGroup;
			children = (
				B0DDF5321F3753600032FA61 /* Base */,
			);
			name = Main.storyboard;
			sourceTree = "<group>";
		};
		B0DDF5361F3753600032FA61 /* LaunchScreen.storyboard */ = {
			isa = PBXVariantGroup;
			children = (
				B0DDF5371F3753600032FA61 /* Base */,
			);
			name = LaunchScreen.storyboard;
			sourceTree = "<group>";
		};
/* End PBXVariantGroup section */

/* Begin XCBuildConfiguration section */
		B0DDF53A1F3753600032FA61 /* Debug */ = {
			isa = XCBuildConfiguration;
			buildSettings = {
				ALWAYS_SEARCH_USER_PATHS = NO;
				CLANG_ANALYZER_NONNULL = YES;
				CLANG_ANALYZER_NUMBER_OBJECT_CONVERSION = YES_AGGRESSIVE;
				CLANG_CXX_LANGUAGE_STANDARD = "gnu++0x";
				CLANG_CXX_LIBRARY = "libc++";
				CLANG_ENABLE_MODULES = YES;
				CLANG_ENABLE_OBJC_ARC = YES;
				CLANG_WARN_BOOL_CONVERSION = YES;
				CLANG_WARN_CONSTANT_CONVERSION = YES;
				CLANG_WARN_DIRECT_OBJC_ISA_USAGE = YES_ERROR;
				CLANG_WARN_DOCUMENTATION_COMMENTS = YES;
				CLANG_WARN_EMPTY_BODY = YES;
				CLANG_WARN_ENUM_CONVERSION = YES;
				CLANG_WARN_INFINITE_RECURSION = YES;
				CLANG_WARN_INT_CONVERSION = YES;
				CLANG_WARN_OBJC_ROOT_CLASS = YES_ERROR;
				CLANG_WARN_SUSPICIOUS_MOVE = YES;
				CLANG_WARN_UNREACHABLE_CODE = YES;
				CLANG_WARN__DUPLICATE_METHOD_MATCH = YES;
				"CODE_SIGN_IDENTITY[sdk=iphoneos*]" = "iPhone Developer";
				COPY_PHASE_STRIP = NO;
				DEBUG_INFORMATION_FORMAT = dwarf;
				ENABLE_STRICT_OBJC_MSGSEND = YES;
				ENABLE_TESTABILITY = YES;
				GCC_C_LANGUAGE_STANDARD = gnu99;
				GCC_DYNAMIC_NO_PIC = NO;
				GCC_NO_COMMON_BLOCKS = YES;
				GCC_OPTIMIZATION_LEVEL = 0;
				GCC_PREPROCESSOR_DEFINITIONS = (
					"DEBUG=1",
					"$(inherited)",
				);
				GCC_WARN_64_TO_32_BIT_CONVERSION = YES;
				GCC_WARN_ABOUT_RETURN_TYPE = YES_ERROR;
				GCC_WARN_UNDECLARED_SELECTOR = YES;
				GCC_WARN_UNINITIALIZED_AUTOS = YES_AGGRESSIVE;
				GCC_WARN_UNUSED_FUNCTION = YES;
				GCC_WARN_UNUSED_VARIABLE = YES;
				IPHONEOS_DEPLOYMENT_TARGET = 10.3;
				MTL_ENABLE_DEBUG_INFO = YES;
				ONLY_ACTIVE_ARCH = YES;
				SDKROOT = iphoneos;
				SWIFT_ACTIVE_COMPILATION_CONDITIONS = DEBUG;
				SWIFT_OPTIMIZATION_LEVEL = "-Onone";
				TARGETED_DEVICE_FAMILY = "1,2";
			};
			name = Debug;
		};
		B0DDF53B1F3753600032FA61 /* Release */ = {
			isa = XCBuildConfiguration;
			buildSettings = {
				ALWAYS_SEARCH_USER_PATHS = NO;
				CLANG_ANALYZER_NONNULL = YES;
				CLANG_ANALYZER_NUMBER_OBJECT_CONVERSION = YES_AGGRESSIVE;
				CLANG_CXX_LANGUAGE_STANDARD = "gnu++0x";
				CLANG_CXX_LIBRARY = "libc++";
				CLANG_ENABLE_MODULES = YES;
				CLANG_ENABLE_OBJC_ARC = YES;
				CLANG_WARN_BOOL_CONVERSION = YES;
				CLANG_WARN_CONSTANT_CONVERSION = YES;
				CLANG_WARN_DIRECT_OBJC_ISA_USAGE = YES_ERROR;
				CLANG_WARN_DOCUMENTATION_COMMENTS = YES;
				CLANG_WARN_EMPTY_BODY = YES;
				CLANG_WARN_ENUM_CONVERSION = YES;
				CLANG_WARN_INFINITE_RECURSION = YES;
				CLANG_WARN_INT_CONVERSION = YES;
				CLANG_WARN_OBJC_ROOT_CLASS = YES_ERROR;
				CLANG_WARN_SUSPICIOUS_MOVE = YES;
				CLANG_WARN_UNREACHABLE_CODE = YES;
				CLANG_WARN__DUPLICATE_METHOD_MATCH = YES;
				"CODE_SIGN_IDENTITY[sdk=iphoneos*]" = "iPhone Developer";
				COPY_PHASE_STRIP = NO;
				DEBUG_INFORMATION_FORMAT = "dwarf-with-dsym";
				ENABLE_NS_ASSERTIONS = NO;
				ENABLE_STRICT_OBJC_MSGSEND = YES;
				GCC_C_LANGUAGE_STANDARD = gnu99;
				GCC_NO_COMMON_BLOCKS = YES;
				GCC_WARN_64_TO_32_BIT_CONVERSION = YES;
				GCC_WARN_ABOUT_RETURN_TYPE = YES_ERROR;
				GCC_WARN_UNDECLARED_SELECTOR = YES;
				GCC_WARN_UNINITIALIZED_AUTOS = YES_AGGRESSIVE;
				GCC_WARN_UNUSED_FUNCTION = YES;
				GCC_WARN_UNUSED_VARIABLE = YES;
				IPHONEOS_DEPLOYMENT_TARGET = 10.3;
				MTL_ENABLE_DEBUG_INFO = NO;
				SDKROOT = iphoneos;
				SWIFT_OPTIMIZATION_LEVEL = "-Owholemodule";
				TARGETED_DEVICE_FAMILY = "1,2";
				VALIDATE_PRODUCT = YES;
			};
			name = Release;
		};
		B0DDF53D1F3753600032FA61 /* Debug */ = {
			isa = XCBuildConfiguration;
			buildSettings = {
				ASSETCATALOG_COMPILER_APPICON_NAME = AppIcon;
				DEVELOPMENT_TEAM = 5CE6946X84;
				INFOPLIST_FILE = UnitTestDemo/Info.plist;
				LD_RUNPATH_SEARCH_PATHS = "$(inherited) @executable_path/Frameworks";
				PRODUCT_BUNDLE_IDENTIFIER = com.tinyworld.UnitTestDemo;
				PRODUCT_NAME = "$(TARGET_NAME)";
				SWIFT_VERSION = 3.0;
			};
			name = Debug;
		};
		B0DDF53E1F3753600032FA61 /* Release */ = {
			isa = XCBuildConfiguration;
			buildSettings = {
				ASSETCATALOG_COMPILER_APPICON_NAME = AppIcon;
				DEVELOPMENT_TEAM = 5CE6946X84;
				INFOPLIST_FILE = UnitTestDemo/Info.plist;
				LD_RUNPATH_SEARCH_PATHS = "$(inherited) @executable_path/Frameworks";
				PRODUCT_BUNDLE_IDENTIFIER = com.tinyworld.UnitTestDemo;
				PRODUCT_NAME = "$(TARGET_NAME)";
				SWIFT_VERSION = 3.0;
			};
			name = Release;
		};
		B0DDF54B1F3754220032FA61 /* Debug */ = {
			isa = XCBuildConfiguration;
			buildSettings = {
				BUNDLE_LOADER = "$(TEST_HOST)";
				CLANG_ENABLE_MODULES = YES;
				DEVELOPMENT_TEAM = 5CE6946X84;
				INFOPLIST_FILE = UnitTestDemoTests/Info.plist;
				LD_RUNPATH_SEARCH_PATHS = "$(inherited) @executable_path/Frameworks @loader_path/Frameworks";
				PRODUCT_BUNDLE_IDENTIFIER = com.tinyworld.UnitTestDemoTests;
				PRODUCT_NAME = "$(TARGET_NAME)";
				SWIFT_OPTIMIZATION_LEVEL = "-Onone";
				SWIFT_VERSION = 3.0;
				TEST_HOST = "$(BUILT_PRODUCTS_DIR)/UnitTestDemo.app/UnitTestDemo";
			};
			name = Debug;
		};
		B0DDF54C1F3754220032FA61 /* Release */ = {
			isa = XCBuildConfiguration;
			buildSettings = {
				BUNDLE_LOADER = "$(TEST_HOST)";
				CLANG_ENABLE_MODULES = YES;
				DEVELOPMENT_TEAM = 5CE6946X84;
				INFOPLIST_FILE = UnitTestDemoTests/Info.plist;
				LD_RUNPATH_SEARCH_PATHS = "$(inherited) @executable_path/Frameworks @loader_path/Frameworks";
				PRODUCT_BUNDLE_IDENTIFIER = com.tinyworld.UnitTestDemoTests;
				PRODUCT_NAME = "$(TARGET_NAME)";
				SWIFT_VERSION = 3.0;
				TEST_HOST = "$(BUILT_PRODUCTS_DIR)/UnitTestDemo.app/UnitTestDemo";
			};
			name = Release;
		};
/* End XCBuildConfiguration section */

/* Begin XCConfigurationList section */
		B0DDF5251F3753600032FA61 /* Build configuration list for PBXProject "UnitTestDemo" */ = {
			isa = XCConfigurationList;
			buildConfigurations = (
				B0DDF53A1F3753600032FA61 /* Debug */,
				B0DDF53B1F3753600032FA61 /* Release */,
			);
			defaultConfigurationIsVisible = 0;
			defaultConfigurationName = Release;
		};
		B0DDF53C1F3753600032FA61 /* Build configuration list for PBXNativeTarget "UnitTestDemo" */ = {
			isa = XCConfigurationList;
			buildConfigurations = (
				B0DDF53D1F3753600032FA61 /* Debug */,
				B0DDF53E1F3753600032FA61 /* Release */,
			);
			defaultConfigurationIsVisible = 0;
		};
		B0DDF54A1F3754220032FA61 /* Build configuration list for PBXNativeTarget "UnitTestDemoTests" */ = {
			isa = XCConfigurationList;
			buildConfigurations = (
				B0DDF54B1F3754220032FA61 /* Debug */,
				B0DDF54C1F3754220032FA61 /* Release */,
			);
			defaultConfigurationIsVisible = 0;
		};
/* End XCConfigurationList section */
	};
	rootObject = B0DDF5221F3753600032FA61 /* Project object */;
}
